
Microsoft Visual Studio Solution File, Format Version 12.00
# Visual Studio Version 17
VisualStudioVersion = 17.5.002.0
MinimumVisualStudioVersion = 10.0.40219.1
Project("{2150E333-8FDC-42A3-9474-1A3956D46DE8}") = "sandbox", "sandbox", "{DDAF41DC-58A0-41F4-947A-5C6654B3294A}"
EndProject
Project("{9A19103F-16F7-4668-BE54-9A1E7A4F7556}") = "sandbox_project", "sandbox\sandbox_project\sandbox_project.csproj", "{5703263E-0739-4FA6-9A57-201D50B8FD0A}"
EndProject
Project("{2150E333-8FDC-42A3-9474-1A3956D46DE8}") = "week01", "week01", "{6014652B-FC8D-43BC-B7DA-2D5D62942C3C}"
EndProject
Project("{9A19103F-16F7-4668-BE54-9A1E7A4F7556}") = "analyze", "week01\analyze\analyze.csproj", "{DE8F70A4-EF2C-4280-8257-A66D7EE7E441}"
EndProject
Project("{9A19103F-16F7-4668-BE54-9A1E7A4F7556}") = "code", "week01\code\code.csproj", "{CB256E9F-B3C7-4D4D-B324-48F3E2E878F8}"
EndProject
Project("{9A19103F-16F7-4668-BE54-9A1E7A4F7556}") = "teach", "week01\teach\teach.csproj", "{E40535AE-0D85-4212-9FCC-D673FC3EF657}"
EndProject
Project("{2150E333-8FDC-42A3-9474-1A3956D46DE8}") = "week02", "week02", "{88EA3555-D41E-4D9B-BC5E-1E14A0568702}"
EndProject
Project("{9A19103F-16F7-4668-BE54-9A1E7A4F7556}") = "analyze", "week02\analyze\analyze.csproj", "{3BC30A78-82E2-4127-9154-C882DBE26FB1}"
EndProject
Project("{9A19103F-16F7-4668-BE54-9A1E7A4F7556}") = "code", "week02\code\code.csproj", "{0B2AD1DE-E951-42D5-AAF8-591184A1A0DC}"
EndProject
Project("{9A19103F-16F7-4668-BE54-9A1E7A4F7556}") = "learn", "week02\learn\learn.csproj", "{F4E58BEC-006A-4B9E-B2C6-78788179C4D3}"
EndProject
Project("{9A19103F-16F7-4668-BE54-9A1E7A4F7556}") = "teach", "week02\teach\teach.csproj", "{D9C3FB8F-F46A-45D4-A207-2CD74962024F}"
EndProject
Project("{2150E333-8FDC-42A3-9474-1A3956D46DE8}") = "week03", "week03", "{4F721E55-6BE6-4074-88FC-62B900407E05}"
EndProject
Project("{9A19103F-16F7-4668-BE54-9A1E7A4F7556}") = "code", "week03\code\code.csproj", "{DE19B239-0E32-455C-82F9-56A4DB2DD483}"
EndProject
Project("{9A19103F-16F7-4668-BE54-9A1E7A4F7556}") = "learn", "week03\learn\learn.csproj", "{B5B69E92-A5F8-4775-A9C5-5F5B51077158}"
EndProject
Project("{9A19103F-16F7-4668-BE54-9A1E7A4F7556}") = "teach", "week03\teach\teach.csproj", "{4FCF2699-ED0C-4D46-8E02-096756BE463E}"
EndProject
Project("{2150E333-8FDC-42A3-9474-1A3956D46DE8}") = "week04", "week04", "{4F496FED-AC22-4528-BD3C-BCF9604A06B4}"
EndProject
Project("{9A19103F-16F7-4668-BE54-9A1E7A4F7556}") = "code", "week04\code\code.csproj", "{9514402D-7B7A-40E0-AABA-E248F387CDEE}"
EndProject
Project("{2150E333-8FDC-42A3-9474-1A3956D46DE8}") = "week05", "week05", "{DBDE8CB6-6AFF-4F2D-9190-5D935E87133D}"
EndProject
Project("{9A19103F-16F7-4668-BE54-9A1E7A4F7556}") = "code", "week05\code\code.csproj", "{ABB2DBEB-7EDE-438B-9B15-8500FE0EB5CA}"
EndProject
Project("{2150E333-8FDC-42A3-9474-1A3956D46DE8}") = "week06", "week06", "{183D4F75-6F87-4BDC-8F2E-B67B49E3923D}"
EndProject
Project("{9A19103F-16F7-4668-BE54-9A1E7A4F7556}") = "code", "week06\code\code.csproj", "{819CFBD3-28D7-4B65-BBB5-5FEEE5DA9DE3}"
EndProject
Global
	GlobalSection(SolutionConfigurationPlatforms) = preSolution
		Debug|Any CPU = Debug|Any CPU
		Release|Any CPU = Release|Any CPU
	EndGlobalSection
	GlobalSection(ProjectConfigurationPlatforms) = postSolution
		{5703263E-0739-4FA6-9A57-201D50B8FD0A}.Debug|Any CPU.ActiveCfg = Debug|Any CPU
		{5703263E-0739-4FA6-9A57-201D50B8FD0A}.Debug|Any CPU.Build.0 = Debug|Any CPU
		{5703263E-0739-4FA6-9A57-201D50B8FD0A}.Release|Any CPU.ActiveCfg = Release|Any CPU
		{5703263E-0739-4FA6-9A57-201D50B8FD0A}.Release|Any CPU.Build.0 = Release|Any CPU
		{DE8F70A4-EF2C-4280-8257-A66D7EE7E441}.Debug|Any CPU.ActiveCfg = Debug|Any CPU
		{DE8F70A4-EF2C-4280-8257-A66D7EE7E441}.Debug|Any CPU.Build.0 = Debug|Any CPU
		{DE8F70A4-EF2C-4280-8257-A66D7EE7E441}.Release|Any CPU.ActiveCfg = Release|Any CPU
		{DE8F70A4-EF2C-4280-8257-A66D7EE7E441}.Release|Any CPU.Build.0 = Release|Any CPU
		{CB256E9F-B3C7-4D4D-B324-48F3E2E878F8}.Debug|Any CPU.ActiveCfg = Debug|Any CPU
		{CB256E9F-B3C7-4D4D-B324-48F3E2E878F8}.Debug|Any CPU.Build.0 = Debug|Any CPU
		{CB256E9F-B3C7-4D4D-B324-48F3E2E878F8}.Release|Any CPU.ActiveCfg = Release|Any CPU
		{CB256E9F-B3C7-4D4D-B324-48F3E2E878F8}.Release|Any CPU.Build.0 = Release|Any CPU
		{E40535AE-0D85-4212-9FCC-D673FC3EF657}.Debug|Any CPU.ActiveCfg = Debug|Any CPU
		{E40535AE-0D85-4212-9FCC-D673FC3EF657}.Debug|Any CPU.Build.0 = Debug|Any CPU
		{E40535AE-0D85-4212-9FCC-D673FC3EF657}.Release|Any CPU.ActiveCfg = Release|Any CPU
		{E40535AE-0D85-4212-9FCC-D673FC3EF657}.Release|Any CPU.Build.0 = Release|Any CPU
		{3BC30A78-82E2-4127-9154-C882DBE26FB1}.Debug|Any CPU.ActiveCfg = Debug|Any CPU
		{3BC30A78-82E2-4127-9154-C882DBE26FB1}.Debug|Any CPU.Build.0 = Debug|Any CPU
		{3BC30A78-82E2-4127-9154-C882DBE26FB1}.Release|Any CPU.ActiveCfg = Release|Any CPU
		{3BC30A78-82E2-4127-9154-C882DBE26FB1}.Release|Any CPU.Build.0 = Release|Any CPU
		{0B2AD1DE-E951-42D5-AAF8-591184A1A0DC}.Debug|Any CPU.ActiveCfg = Debug|Any CPU
		{0B2AD1DE-E951-42D5-AAF8-591184A1A0DC}.Debug|Any CPU.Build.0 = Debug|Any CPU
		{0B2AD1DE-E951-42D5-AAF8-591184A1A0DC}.Release|Any CPU.ActiveCfg = Release|Any CPU
		{0B2AD1DE-E951-42D5-AAF8-591184A1A0DC}.Release|Any CPU.Build.0 = Release|Any CPU
		{F4E58BEC-006A-4B9E-B2C6-78788179C4D3}.Debug|Any CPU.ActiveCfg = Debug|Any CPU
		{F4E58BEC-006A-4B9E-B2C6-78788179C4D3}.Debug|Any CPU.Build.0 = Debug|Any CPU
		{F4E58BEC-006A-4B9E-B2C6-78788179C4D3}.Release|Any CPU.ActiveCfg = Release|Any CPU
		{F4E58BEC-006A-4B9E-B2C6-78788179C4D3}.Release|Any CPU.Build.0 = Release|Any CPU
		{D9C3FB8F-F46A-45D4-A207-2CD74962024F}.Debug|Any CPU.ActiveCfg = Debug|Any CPU
		{D9C3FB8F-F46A-45D4-A207-2CD74962024F}.Debug|Any CPU.Build.0 = Debug|Any CPU
		{D9C3FB8F-F46A-45D4-A207-2CD74962024F}.Release|Any CPU.ActiveCfg = Release|Any CPU
		{D9C3FB8F-F46A-45D4-A207-2CD74962024F}.Release|Any CPU.Build.0 = Release|Any CPU
		{DE19B239-0E32-455C-82F9-56A4DB2DD483}.Debug|Any CPU.ActiveCfg = Debug|Any CPU
		{DE19B239-0E32-455C-82F9-56A4DB2DD483}.Debug|Any CPU.Build.0 = Debug|Any CPU
		{DE19B239-0E32-455C-82F9-56A4DB2DD483}.Release|Any CPU.ActiveCfg = Release|Any CPU
		{DE19B239-0E32-455C-82F9-56A4DB2DD483}.Release|Any CPU.Build.0 = Release|Any CPU
		{B5B69E92-A5F8-4775-A9C5-5F5B51077158}.Debug|Any CPU.ActiveCfg = Debug|Any CPU
		{B5B69E92-A5F8-4775-A9C5-5F5B51077158}.Debug|Any CPU.Build.0 = Debug|Any CPU
		{B5B69E92-A5F8-4775-A9C5-5F5B51077158}.Release|Any CPU.ActiveCfg = Release|Any CPU
		{B5B69E92-A5F8-4775-A9C5-5F5B51077158}.Release|Any CPU.Build.0 = Release|Any CPU
		{4FCF2699-ED0C-4D46-8E02-096756BE463E}.Debug|Any CPU.ActiveCfg = Debug|Any CPU
		{4FCF2699-ED0C-4D46-8E02-096756BE463E}.Debug|Any CPU.Build.0 = Debug|Any CPU
		{4FCF2699-ED0C-4D46-8E02-096756BE463E}.Release|Any CPU.ActiveCfg = Release|Any CPU
		{4FCF2699-ED0C-4D46-8E02-096756BE463E}.Release|Any CPU.Build.0 = Release|Any CPU
		{9514402D-7B7A-40E0-AABA-E248F387CDEE}.Debug|Any CPU.ActiveCfg = Debug|Any CPU
		{9514402D-7B7A-40E0-AABA-E248F387CDEE}.Debug|Any CPU.Build.0 = Debug|Any CPU
		{9514402D-7B7A-40E0-AABA-E248F387CDEE}.Release|Any CPU.ActiveCfg = Release|Any CPU
		{9514402D-7B7A-40E0-AABA-E248F387CDEE}.Release|Any CPU.Build.0 = Release|Any CPU
		{ABB2DBEB-7EDE-438B-9B15-8500FE0EB5CA}.Debug|Any CPU.ActiveCfg = Debug|Any CPU
		{ABB2DBEB-7EDE-438B-9B15-8500FE0EB5CA}.Debug|Any CPU.Build.0 = Debug|Any CPU
		{ABB2DBEB-7EDE-438B-9B15-8500FE0EB5CA}.Release|Any CPU.ActiveCfg = Release|Any CPU
		{ABB2DBEB-7EDE-438B-9B15-8500FE0EB5CA}.Release|Any CPU.Build.0 = Release|Any CPU
		{819CFBD3-28D7-4B65-BBB5-5FEEE5DA9DE3}.Debug|Any CPU.ActiveCfg = Debug|Any CPU
		{819CFBD3-28D7-4B65-BBB5-5FEEE5DA9DE3}.Debug|Any CPU.Build.0 = Debug|Any CPU
		{819CFBD3-28D7-4B65-BBB5-5FEEE5DA9DE3}.Release|Any CPU.ActiveCfg = Release|Any CPU
		{819CFBD3-28D7-4B65-BBB5-5FEEE5DA9DE3}.Release|Any CPU.Build.0 = Release|Any CPU
	EndGlobalSection
	GlobalSection(SolutionProperties) = preSolution
		HideSolutionNode = FALSE
	EndGlobalSection
	GlobalSection(NestedProjects) = preSolution
		{5703263E-0739-4FA6-9A57-201D50B8FD0A} = {DDAF41DC-58A0-41F4-947A-5C6654B3294A}
		{DE8F70A4-EF2C-4280-8257-A66D7EE7E441} = {6014652B-FC8D-43BC-B7DA-2D5D62942C3C}
		{CB256E9F-B3C7-4D4D-B324-48F3E2E878F8} = {6014652B-FC8D-43BC-B7DA-2D5D62942C3C}
		{E40535AE-0D85-4212-9FCC-D673FC3EF657} = {6014652B-FC8D-43BC-B7DA-2D5D62942C3C}
		{3BC30A78-82E2-4127-9154-C882DBE26FB1} = {88EA3555-D41E-4D9B-BC5E-1E14A0568702}
		{0B2AD1DE-E951-42D5-AAF8-591184A1A0DC} = {88EA3555-D41E-4D9B-BC5E-1E14A0568702}
		{F4E58BEC-006A-4B9E-B2C6-78788179C4D3} = {88EA3555-D41E-4D9B-BC5E-1E14A0568702}
		{D9C3FB8F-F46A-45D4-A207-2CD74962024F} = {88EA3555-D41E-4D9B-BC5E-1E14A0568702}
		{DE19B239-0E32-455C-82F9-56A4DB2DD483} = {4F721E55-6BE6-4074-88FC-62B900407E05}
		{B5B69E92-A5F8-4775-A9C5-5F5B51077158} = {4F721E55-6BE6-4074-88FC-62B900407E05}
		{4FCF2699-ED0C-4D46-8E02-096756BE463E} = {4F721E55-6BE6-4074-88FC-62B900407E05}
		{9514402D-7B7A-40E0-AABA-E248F387CDEE} = {4F496FED-AC22-4528-BD3C-BCF9604A06B4}
		{ABB2DBEB-7EDE-438B-9B15-8500FE0EB5CA} = {DBDE8CB6-6AFF-4F2D-9190-5D935E87133D}
		{819CFBD3-28D7-4B65-BBB5-5FEEE5DA9DE3} = {183D4F75-6F87-4BDC-8F2E-B67B49E3923D}
	EndGlobalSection
	GlobalSection(ExtensibilityGlobals) = postSolution
		SolutionGuid = {0072ED1C-E00B-4FEA-AC11-DF6B99A70D2A}
	EndGlobalSection
EndGlobal
